
Microsoft Visual Studio Solution File, Format Version 12.00
# Visual Studio Version 17
VisualStudioVersion = 17.4.33213.308
MinimumVisualStudioVersion = 10.0.40219.1
Project("{9A19103F-16F7-4668-BE54-9A1E7A4F7556}") = "Runner", "Runner\Runner.csproj", "{22DF14FA-27E6-4C5D-A343-D06F1F3A52D6}"
EndProject
Project("{9A19103F-16F7-4668-BE54-9A1E7A4F7556}") = "Tests", "Tests\Tests.csproj", "{B07F278D-AB50-4037-A402-FE3954EFEFA4}"
EndProject
Project("{E53339B2-1760-4266-BCC7-CA923CBCF16C}") = "docker-compose", "docker-compose.dcproj", "{70844A1C-4776-4CE8-9D1F-7B1D2FE9F951}"
EndProject
Global
	GlobalSection(SolutionConfigurationPlatforms) = preSolution
		Debug|Any CPU = Debug|Any CPU
		Release|Any CPU = Release|Any CPU
	EndGlobalSection
	GlobalSection(ProjectConfigurationPlatforms) = postSolution
		{22DF14FA-27E6-4C5D-A343-D06F1F3A52D6}.Debug|Any CPU.ActiveCfg = Debug|Any CPU
		{22DF14FA-27E6-4C5D-A343-D06F1F3A52D6}.Debug|Any CPU.Build.0 = Debug|Any CPU
		{22DF14FA-27E6-4C5D-A343-D06F1F3A52D6}.Release|Any CPU.ActiveCfg = Release|Any CPU
		{22DF14FA-27E6-4C5D-A343-D06F1F3A52D6}.Release|Any CPU.Build.0 = Release|Any CPU
		{B07F278D-AB50-4037-A402-FE3954EFEFA4}.Debug|Any CPU.ActiveCfg = Debug|Any CPU
		{B07F278D-AB50-4037-A402-FE3954EFEFA4}.Debug|Any CPU.Build.0 = Debug|Any CPU
		{B07F278D-AB50-4037-A402-FE3954EFEFA4}.Release|Any CPU.ActiveCfg = Release|Any CPU
		{B07F278D-AB50-4037-A402-FE3954EFEFA4}.Release|Any CPU.Build.0 = Release|Any CPU
		{70844A1C-4776-4CE8-9D1F-7B1D2FE9F951}.Debug|Any CPU.ActiveCfg = Debug|Any CPU
		{70844A1C-4776-4CE8-9D1F-7B1D2FE9F951}.Debug|Any CPU.Build.0 = Debug|Any CPU
		{70844A1C-4776-4CE8-9D1F-7B1D2FE9F951}.Release|Any CPU.ActiveCfg = Release|Any CPU
		{70844A1C-4776-4CE8-9D1F-7B1D2FE9F951}.Release|Any CPU.Build.0 = Release|Any CPU
	EndGlobalSection
	GlobalSection(SolutionProperties) = preSolution
		HideSolutionNode = FALSE
	EndGlobalSection
	GlobalSection(ExtensibilityGlobals) = postSolution
		SolutionGuid = {49698E48-C899-4B8A-86DF-F48CB64B856B}
	EndGlobalSection
EndGlobal
